
Microsoft Visual Studio Solution File, Format Version 12.00
# Visual Studio Version 16
VisualStudioVersion = 16.0.28902.138
MinimumVisualStudioVersion = 10.0.40219.1
Project("{FAE04EC0-301F-11D3-BF4B-00C04F79EFBC}") = "Registro3", "Registro3.csproj", "{0F532C42-7777-4AF4-8EC4-5FDB579CB39D}"
EndProject
Global
	GlobalSection(SolutionConfigurationPlatforms) = preSolution
		Debug|Any CPU = Debug|Any CPU
		Release|Any CPU = Release|Any CPU
	EndGlobalSection
	GlobalSection(ProjectConfigurationPlatforms) = postSolution
		{0F532C42-7777-4AF4-8EC4-5FDB579CB39D}.Debug|Any CPU.ActiveCfg = Debug|Any CPU
		{0F532C42-7777-4AF4-8EC4-5FDB579CB39D}.Debug|Any CPU.Build.0 = Debug|Any CPU
		{0F532C42-7777-4AF4-8EC4-5FDB579CB39D}.Release|Any CPU.ActiveCfg = Release|Any CPU
		{0F532C42-7777-4AF4-8EC4-5FDB579CB39D}.Release|Any CPU.Build.0 = Release|Any CPU
	EndGlobalSection
	GlobalSection(SolutionProperties) = preSolution
		HideSolutionNode = FALSE
	EndGlobalSection
	GlobalSection(ExtensibilityGlobals) = postSolution
		SolutionGuid = {C8B4F4BF-C3D9-405E-A103-46F4A14D01D2}
	EndGlobalSection
EndGlobal
